
Microsoft Visual Studio Solution File, Format Version 12.00
# Visual Studio 14
VisualStudioVersion = 14.0.25123.0
MinimumVisualStudioVersion = 10.0.40219.1
Project("{FAE04EC0-301F-11D3-BF4B-00C04F79EFBC}") = "01-AllocateArray", "01-AllocateArray\01-AllocateArray.csproj", "{7AAAAEA9-889A-4AC6-81F6-80E9E9ED3C95}"
EndProject
Project("{FAE04EC0-301F-11D3-BF4B-00C04F79EFBC}") = "02-CompareArrays", "02-CompareArrays\02-CompareArrays.csproj", "{E33BB38A-D710-42D5-8692-909F66B47DA0}"
EndProject
Project("{FAE04EC0-301F-11D3-BF4B-00C04F79EFBC}") = "03-CompareCharArrays", "03-CompareCharArrays\03-CompareCharArrays.csproj", "{01D07A10-0183-4512-8E23-7CD1D24511A3}"
EndProject
Project("{FAE04EC0-301F-11D3-BF4B-00C04F79EFBC}") = "04-MaximalSequence", "04-MaximalSequence\04-MaximalSequence.csproj", "{AF743C70-492A-444C-834D-877F4CA43221}"
EndProject
Project("{FAE04EC0-301F-11D3-BF4B-00C04F79EFBC}") = "05-MaximalIncreasingSequence", "05-MaximalIncreasingSequence\05-MaximalIncreasingSequence.csproj", "{2B21FCBF-22FA-4D28-8D39-75F91A367455}"
EndProject
Project("{FAE04EC0-301F-11D3-BF4B-00C04F79EFBC}") = "06-MaximalKSum", "06-MaximalKSum\06-MaximalKSum.csproj", "{1BE516C7-BC29-4BDA-AADD-9F5C1D1AC663}"
EndProject
Project("{FAE04EC0-301F-11D3-BF4B-00C04F79EFBC}") = "07-SelectionSort", "07-SelectionSort\07-SelectionSort.csproj", "{A358EEDF-FF0B-470A-9AEB-74ABBCA5B690}"
EndProject
Project("{FAE04EC0-301F-11D3-BF4B-00C04F79EFBC}") = "08-MaximalSum", "08-MaximalSum\08-MaximalSum.csproj", "{B263C4FD-82C5-48C6-81B5-17AA1A966265}"
EndProject
Project("{FAE04EC0-301F-11D3-BF4B-00C04F79EFBC}") = "09-FrequentNumber", "09-FrequentNumber\09-FrequentNumber.csproj", "{C47B241E-0EDB-4A77-885C-45E225BCAB51}"
EndProject
Project("{FAE04EC0-301F-11D3-BF4B-00C04F79EFBC}") = "10-FindSumInArray", "10-FindSumInArray\10-FindSumInArray.csproj", "{710A67D3-BF85-4B9B-A58B-23B134AD50D6}"
EndProject
Project("{FAE04EC0-301F-11D3-BF4B-00C04F79EFBC}") = "11-BinarySearch", "11-BinarySearch\11-BinarySearch.csproj", "{D6D67CEA-DCA3-4F7F-9394-08FCC4AEE306}"
EndProject
Project("{FAE04EC0-301F-11D3-BF4B-00C04F79EFBC}") = "12-IndexOfLetters", "12-IndexOfLetters\12-IndexOfLetters.csproj", "{33A8F67F-BE60-4F75-A63B-D3DD696C4AA9}"
EndProject
Project("{FAE04EC0-301F-11D3-BF4B-00C04F79EFBC}") = "13-MergeSort", "13-MergeSort\13-MergeSort.csproj", "{EADAD59A-75C0-4D5A-9AAC-9EEC7C1AA8BD}"
EndProject
Project("{FAE04EC0-301F-11D3-BF4B-00C04F79EFBC}") = "14-QuickSort", "14-QuickSortAlgo\14-QuickSort.csproj", "{95BD256D-CC02-4378-B700-42DD82D14DBA}"
EndProject
Project("{FAE04EC0-301F-11D3-BF4B-00C04F79EFBC}") = "15-PrimeNumbers", "15-PrimeNumbers\15-PrimeNumbers.csproj", "{9CEADCF6-EB32-4084-B7DF-B16677C89070}"
EndProject
Project("{FAE04EC0-301F-11D3-BF4B-00C04F79EFBC}") = "18-RemoveElementsFromArray", "18-RemoveElementsFromArray\18-RemoveElementsFromArray.csproj", "{49C5C39C-91C5-4C58-8E7F-C9B7AF6EA1D3}"
EndProject
Global
	GlobalSection(SolutionConfigurationPlatforms) = preSolution
		Debug|Any CPU = Debug|Any CPU
		Release|Any CPU = Release|Any CPU
	EndGlobalSection
	GlobalSection(ProjectConfigurationPlatforms) = postSolution
		{7AAAAEA9-889A-4AC6-81F6-80E9E9ED3C95}.Debug|Any CPU.ActiveCfg = Debug|Any CPU
		{7AAAAEA9-889A-4AC6-81F6-80E9E9ED3C95}.Debug|Any CPU.Build.0 = Debug|Any CPU
		{7AAAAEA9-889A-4AC6-81F6-80E9E9ED3C95}.Release|Any CPU.ActiveCfg = Release|Any CPU
		{7AAAAEA9-889A-4AC6-81F6-80E9E9ED3C95}.Release|Any CPU.Build.0 = Release|Any CPU
		{E33BB38A-D710-42D5-8692-909F66B47DA0}.Debug|Any CPU.ActiveCfg = Debug|Any CPU
		{E33BB38A-D710-42D5-8692-909F66B47DA0}.Debug|Any CPU.Build.0 = Debug|Any CPU
		{E33BB38A-D710-42D5-8692-909F66B47DA0}.Release|Any CPU.ActiveCfg = Release|Any CPU
		{E33BB38A-D710-42D5-8692-909F66B47DA0}.Release|Any CPU.Build.0 = Release|Any CPU
		{01D07A10-0183-4512-8E23-7CD1D24511A3}.Debug|Any CPU.ActiveCfg = Debug|Any CPU
		{01D07A10-0183-4512-8E23-7CD1D24511A3}.Debug|Any CPU.Build.0 = Debug|Any CPU
		{01D07A10-0183-4512-8E23-7CD1D24511A3}.Release|Any CPU.ActiveCfg = Release|Any CPU
		{01D07A10-0183-4512-8E23-7CD1D24511A3}.Release|Any CPU.Build.0 = Release|Any CPU
		{AF743C70-492A-444C-834D-877F4CA43221}.Debug|Any CPU.ActiveCfg = Debug|Any CPU
		{AF743C70-492A-444C-834D-877F4CA43221}.Debug|Any CPU.Build.0 = Debug|Any CPU
		{AF743C70-492A-444C-834D-877F4CA43221}.Release|Any CPU.ActiveCfg = Release|Any CPU
		{AF743C70-492A-444C-834D-877F4CA43221}.Release|Any CPU.Build.0 = Release|Any CPU
		{2B21FCBF-22FA-4D28-8D39-75F91A367455}.Debug|Any CPU.ActiveCfg = Debug|Any CPU
		{2B21FCBF-22FA-4D28-8D39-75F91A367455}.Debug|Any CPU.Build.0 = Debug|Any CPU
		{2B21FCBF-22FA-4D28-8D39-75F91A367455}.Release|Any CPU.ActiveCfg = Release|Any CPU
		{2B21FCBF-22FA-4D28-8D39-75F91A367455}.Release|Any CPU.Build.0 = Release|Any CPU
		{1BE516C7-BC29-4BDA-AADD-9F5C1D1AC663}.Debug|Any CPU.ActiveCfg = Debug|Any CPU
		{1BE516C7-BC29-4BDA-AADD-9F5C1D1AC663}.Debug|Any CPU.Build.0 = Debug|Any CPU
		{1BE516C7-BC29-4BDA-AADD-9F5C1D1AC663}.Release|Any CPU.ActiveCfg = Release|Any CPU
		{1BE516C7-BC29-4BDA-AADD-9F5C1D1AC663}.Release|Any CPU.Build.0 = Release|Any CPU
		{A358EEDF-FF0B-470A-9AEB-74ABBCA5B690}.Debug|Any CPU.ActiveCfg = Debug|Any CPU
		{A358EEDF-FF0B-470A-9AEB-74ABBCA5B690}.Debug|Any CPU.Build.0 = Debug|Any CPU
		{A358EEDF-FF0B-470A-9AEB-74ABBCA5B690}.Release|Any CPU.ActiveCfg = Release|Any CPU
		{A358EEDF-FF0B-470A-9AEB-74ABBCA5B690}.Release|Any CPU.Build.0 = Release|Any CPU
		{B263C4FD-82C5-48C6-81B5-17AA1A966265}.Debug|Any CPU.ActiveCfg = Debug|Any CPU
		{B263C4FD-82C5-48C6-81B5-17AA1A966265}.Debug|Any CPU.Build.0 = Debug|Any CPU
		{B263C4FD-82C5-48C6-81B5-17AA1A966265}.Release|Any CPU.ActiveCfg = Release|Any CPU
		{B263C4FD-82C5-48C6-81B5-17AA1A966265}.Release|Any CPU.Build.0 = Release|Any CPU
		{C47B241E-0EDB-4A77-885C-45E225BCAB51}.Debug|Any CPU.ActiveCfg = Debug|Any CPU
		{C47B241E-0EDB-4A77-885C-45E225BCAB51}.Debug|Any CPU.Build.0 = Debug|Any CPU
		{C47B241E-0EDB-4A77-885C-45E225BCAB51}.Release|Any CPU.ActiveCfg = Release|Any CPU
		{C47B241E-0EDB-4A77-885C-45E225BCAB51}.Release|Any CPU.Build.0 = Release|Any CPU
		{710A67D3-BF85-4B9B-A58B-23B134AD50D6}.Debug|Any CPU.ActiveCfg = Debug|Any CPU
		{710A67D3-BF85-4B9B-A58B-23B134AD50D6}.Debug|Any CPU.Build.0 = Debug|Any CPU
		{710A67D3-BF85-4B9B-A58B-23B134AD50D6}.Release|Any CPU.ActiveCfg = Release|Any CPU
		{710A67D3-BF85-4B9B-A58B-23B134AD50D6}.Release|Any CPU.Build.0 = Release|Any CPU
		{D6D67CEA-DCA3-4F7F-9394-08FCC4AEE306}.Debug|Any CPU.ActiveCfg = Debug|Any CPU
		{D6D67CEA-DCA3-4F7F-9394-08FCC4AEE306}.Debug|Any CPU.Build.0 = Debug|Any CPU
		{D6D67CEA-DCA3-4F7F-9394-08FCC4AEE306}.Release|Any CPU.ActiveCfg = Release|Any CPU
		{D6D67CEA-DCA3-4F7F-9394-08FCC4AEE306}.Release|Any CPU.Build.0 = Release|Any CPU
		{33A8F67F-BE60-4F75-A63B-D3DD696C4AA9}.Debug|Any CPU.ActiveCfg = Debug|Any CPU
		{33A8F67F-BE60-4F75-A63B-D3DD696C4AA9}.Debug|Any CPU.Build.0 = Debug|Any CPU
		{33A8F67F-BE60-4F75-A63B-D3DD696C4AA9}.Release|Any CPU.ActiveCfg = Release|Any CPU
		{33A8F67F-BE60-4F75-A63B-D3DD696C4AA9}.Release|Any CPU.Build.0 = Release|Any CPU
		{EADAD59A-75C0-4D5A-9AAC-9EEC7C1AA8BD}.Debug|Any CPU.ActiveCfg = Debug|Any CPU
		{EADAD59A-75C0-4D5A-9AAC-9EEC7C1AA8BD}.Debug|Any CPU.Build.0 = Debug|Any CPU
		{EADAD59A-75C0-4D5A-9AAC-9EEC7C1AA8BD}.Release|Any CPU.ActiveCfg = Release|Any CPU
		{EADAD59A-75C0-4D5A-9AAC-9EEC7C1AA8BD}.Release|Any CPU.Build.0 = Release|Any CPU
		{95BD256D-CC02-4378-B700-42DD82D14DBA}.Debug|Any CPU.ActiveCfg = Debug|Any CPU
		{95BD256D-CC02-4378-B700-42DD82D14DBA}.Debug|Any CPU.Build.0 = Debug|Any CPU
		{95BD256D-CC02-4378-B700-42DD82D14DBA}.Release|Any CPU.ActiveCfg = Release|Any CPU
		{95BD256D-CC02-4378-B700-42DD82D14DBA}.Release|Any CPU.Build.0 = Release|Any CPU
		{9CEADCF6-EB32-4084-B7DF-B16677C89070}.Debug|Any CPU.ActiveCfg = Debug|Any CPU
		{9CEADCF6-EB32-4084-B7DF-B16677C89070}.Debug|Any CPU.Build.0 = Debug|Any CPU
		{9CEADCF6-EB32-4084-B7DF-B16677C89070}.Release|Any CPU.ActiveCfg = Release|Any CPU
		{9CEADCF6-EB32-4084-B7DF-B16677C89070}.Release|Any CPU.Build.0 = Release|Any CPU
		{49C5C39C-91C5-4C58-8E7F-C9B7AF6EA1D3}.Debug|Any CPU.ActiveCfg = Debug|Any CPU
		{49C5C39C-91C5-4C58-8E7F-C9B7AF6EA1D3}.Debug|Any CPU.Build.0 = Debug|Any CPU
		{49C5C39C-91C5-4C58-8E7F-C9B7AF6EA1D3}.Release|Any CPU.ActiveCfg = Release|Any CPU
		{49C5C39C-91C5-4C58-8E7F-C9B7AF6EA1D3}.Release|Any CPU.Build.0 = Release|Any CPU
	EndGlobalSection
	GlobalSection(SolutionProperties) = preSolution
		HideSolutionNode = FALSE
	EndGlobalSection
EndGlobal
