
Microsoft Visual Studio Solution File, Format Version 12.00
# Visual Studio 14
VisualStudioVersion = 14.0.25123.0
MinimumVisualStudioVersion = 10.0.40219.1
Project("{FAE04EC0-301F-11D3-BF4B-00C04F79EFBC}") = "01-Garden", "01-Garden\01-Garden.csproj", "{861E62A2-80A2-4E66-BF4C-8439924E9580}"
EndProject
Project("{FAE04EC0-301F-11D3-BF4B-00C04F79EFBC}") = "02-SecretsOfNumbers", "02-SecretsOfNumbers\02-SecretsOfNumbers.csproj", "{39DC6AB7-CF0B-4698-AD91-7FD12B4CC108}"
EndProject
Project("{FAE04EC0-301F-11D3-BF4B-00C04F79EFBC}") = "03-CardWars", "03-CardWars\03-CardWars.csproj", "{A5A416BB-A7F8-44F6-A031-DE6F87EA0AD8}"
EndProject
Project("{FAE04EC0-301F-11D3-BF4B-00C04F79EFBC}") = "04-BatGoikoTower", "04-BatGoikoTower\04-BatGoikoTower.csproj", "{CE0038B2-A025-4172-AFC8-C8C9B368089D}"
EndProject
Project("{FAE04EC0-301F-11D3-BF4B-00C04F79EFBC}") = "05-Bittris", "05-Bittris\05-Bittris.csproj", "{8E19FBF5-B383-470D-80F2-BCBDEE07F4B0}"
EndProject
Global
	GlobalSection(SolutionConfigurationPlatforms) = preSolution
		Debug|Any CPU = Debug|Any CPU
		Release|Any CPU = Release|Any CPU
	EndGlobalSection
	GlobalSection(ProjectConfigurationPlatforms) = postSolution
		{861E62A2-80A2-4E66-BF4C-8439924E9580}.Debug|Any CPU.ActiveCfg = Debug|Any CPU
		{861E62A2-80A2-4E66-BF4C-8439924E9580}.Debug|Any CPU.Build.0 = Debug|Any CPU
		{861E62A2-80A2-4E66-BF4C-8439924E9580}.Release|Any CPU.ActiveCfg = Release|Any CPU
		{861E62A2-80A2-4E66-BF4C-8439924E9580}.Release|Any CPU.Build.0 = Release|Any CPU
		{39DC6AB7-CF0B-4698-AD91-7FD12B4CC108}.Debug|Any CPU.ActiveCfg = Debug|Any CPU
		{39DC6AB7-CF0B-4698-AD91-7FD12B4CC108}.Debug|Any CPU.Build.0 = Debug|Any CPU
		{39DC6AB7-CF0B-4698-AD91-7FD12B4CC108}.Release|Any CPU.ActiveCfg = Release|Any CPU
		{39DC6AB7-CF0B-4698-AD91-7FD12B4CC108}.Release|Any CPU.Build.0 = Release|Any CPU
		{A5A416BB-A7F8-44F6-A031-DE6F87EA0AD8}.Debug|Any CPU.ActiveCfg = Debug|Any CPU
		{A5A416BB-A7F8-44F6-A031-DE6F87EA0AD8}.Debug|Any CPU.Build.0 = Debug|Any CPU
		{A5A416BB-A7F8-44F6-A031-DE6F87EA0AD8}.Release|Any CPU.ActiveCfg = Release|Any CPU
		{A5A416BB-A7F8-44F6-A031-DE6F87EA0AD8}.Release|Any CPU.Build.0 = Release|Any CPU
		{CE0038B2-A025-4172-AFC8-C8C9B368089D}.Debug|Any CPU.ActiveCfg = Debug|Any CPU
		{CE0038B2-A025-4172-AFC8-C8C9B368089D}.Debug|Any CPU.Build.0 = Debug|Any CPU
		{CE0038B2-A025-4172-AFC8-C8C9B368089D}.Release|Any CPU.ActiveCfg = Release|Any CPU
		{CE0038B2-A025-4172-AFC8-C8C9B368089D}.Release|Any CPU.Build.0 = Release|Any CPU
		{8E19FBF5-B383-470D-80F2-BCBDEE07F4B0}.Debug|Any CPU.ActiveCfg = Debug|Any CPU
		{8E19FBF5-B383-470D-80F2-BCBDEE07F4B0}.Debug|Any CPU.Build.0 = Debug|Any CPU
		{8E19FBF5-B383-470D-80F2-BCBDEE07F4B0}.Release|Any CPU.ActiveCfg = Release|Any CPU
		{8E19FBF5-B383-470D-80F2-BCBDEE07F4B0}.Release|Any CPU.Build.0 = Release|Any CPU
	EndGlobalSection
	GlobalSection(SolutionProperties) = preSolution
		HideSolutionNode = FALSE
	EndGlobalSection
EndGlobal
