
Microsoft Visual Studio Solution File, Format Version 12.00
# Visual Studio 14
VisualStudioVersion = 14.0.25420.1
MinimumVisualStudioVersion = 10.0.40219.1
Project("{2150E333-8FDC-42A3-9474-1A3956D46DE8}") = "Solution Items", "Solution Items", "{7D09FDFB-E81F-4370-B762-7DDBBD69B8A4}"
	ProjectSection(SolutionItems) = preProject
		01-Chef.cs = 01-Chef.cs
		02-Ifs.cs = 02-Ifs.cs
		03-Loop.cs = 03-Loop.cs
	EndProjectSection
EndProject
Global
	GlobalSection(SolutionProperties) = preSolution
		HideSolutionNode = FALSE
	EndGlobalSection
EndGlobal
