
Microsoft Visual Studio Solution File, Format Version 12.00
# Visual Studio 14
VisualStudioVersion = 14.0.24720.0
MinimumVisualStudioVersion = 10.0.40219.1
Project("{FAE04EC0-301F-11D3-BF4B-00C04F79EFBC}") = "01-CoffeeMachine", "01-CoffeeMachine\01-CoffeeMachine.csproj", "{B4F1F905-7674-44CE-86C4-C686C3ED1F29}"
EndProject
Project("{FAE04EC0-301F-11D3-BF4B-00C04F79EFBC}") = "02-DrunkenNumbers", "02-DrunkenNumbers\02-DrunkenNumbers.csproj", "{D58C23AE-2A44-4425-874C-51E8CC68BA55}"
EndProject
Project("{FAE04EC0-301F-11D3-BF4B-00C04F79EFBC}") = "03-BullsAndCows", "03-BullsAndCows\03-BullsAndCows.csproj", "{61CB43F3-61CE-4D0C-A20F-383A6D8C1EF8}"
EndProject
Global
	GlobalSection(SolutionConfigurationPlatforms) = preSolution
		Debug|Any CPU = Debug|Any CPU
		Release|Any CPU = Release|Any CPU
	EndGlobalSection
	GlobalSection(ProjectConfigurationPlatforms) = postSolution
		{B4F1F905-7674-44CE-86C4-C686C3ED1F29}.Debug|Any CPU.ActiveCfg = Debug|Any CPU
		{B4F1F905-7674-44CE-86C4-C686C3ED1F29}.Debug|Any CPU.Build.0 = Debug|Any CPU
		{B4F1F905-7674-44CE-86C4-C686C3ED1F29}.Release|Any CPU.ActiveCfg = Release|Any CPU
		{B4F1F905-7674-44CE-86C4-C686C3ED1F29}.Release|Any CPU.Build.0 = Release|Any CPU
		{D58C23AE-2A44-4425-874C-51E8CC68BA55}.Debug|Any CPU.ActiveCfg = Debug|Any CPU
		{D58C23AE-2A44-4425-874C-51E8CC68BA55}.Debug|Any CPU.Build.0 = Debug|Any CPU
		{D58C23AE-2A44-4425-874C-51E8CC68BA55}.Release|Any CPU.ActiveCfg = Release|Any CPU
		{D58C23AE-2A44-4425-874C-51E8CC68BA55}.Release|Any CPU.Build.0 = Release|Any CPU
		{61CB43F3-61CE-4D0C-A20F-383A6D8C1EF8}.Debug|Any CPU.ActiveCfg = Debug|Any CPU
		{61CB43F3-61CE-4D0C-A20F-383A6D8C1EF8}.Debug|Any CPU.Build.0 = Debug|Any CPU
		{61CB43F3-61CE-4D0C-A20F-383A6D8C1EF8}.Release|Any CPU.ActiveCfg = Release|Any CPU
		{61CB43F3-61CE-4D0C-A20F-383A6D8C1EF8}.Release|Any CPU.Build.0 = Release|Any CPU
	EndGlobalSection
	GlobalSection(SolutionProperties) = preSolution
		HideSolutionNode = FALSE
	EndGlobalSection
EndGlobal
