
Microsoft Visual Studio Solution File, Format Version 12.00
# Visual Studio 14
VisualStudioVersion = 14.0.25420.1
MinimumVisualStudioVersion = 10.0.40219.1
Project("{FAE04EC0-301F-11D3-BF4B-00C04F79EFBC}") = "Company.Data", "SeedCompanyDb\Company.Data.csproj", "{9EA0FE34-84BB-4C83-8104-210E5FE2371C}"
EndProject
Project("{FAE04EC0-301F-11D3-BF4B-00C04F79EFBC}") = "Company.DataGeneration", "Company.DataGeneration\Company.DataGeneration.csproj", "{74798470-E1DA-4A9A-A3A1-EB00EAF9A97E}"
EndProject
Global
	GlobalSection(SolutionConfigurationPlatforms) = preSolution
		Debug|Any CPU = Debug|Any CPU
		Release|Any CPU = Release|Any CPU
	EndGlobalSection
	GlobalSection(ProjectConfigurationPlatforms) = postSolution
		{9EA0FE34-84BB-4C83-8104-210E5FE2371C}.Debug|Any CPU.ActiveCfg = Debug|Any CPU
		{9EA0FE34-84BB-4C83-8104-210E5FE2371C}.Debug|Any CPU.Build.0 = Debug|Any CPU
		{9EA0FE34-84BB-4C83-8104-210E5FE2371C}.Release|Any CPU.ActiveCfg = Release|Any CPU
		{9EA0FE34-84BB-4C83-8104-210E5FE2371C}.Release|Any CPU.Build.0 = Release|Any CPU
		{74798470-E1DA-4A9A-A3A1-EB00EAF9A97E}.Debug|Any CPU.ActiveCfg = Debug|Any CPU
		{74798470-E1DA-4A9A-A3A1-EB00EAF9A97E}.Debug|Any CPU.Build.0 = Debug|Any CPU
		{74798470-E1DA-4A9A-A3A1-EB00EAF9A97E}.Release|Any CPU.ActiveCfg = Release|Any CPU
		{74798470-E1DA-4A9A-A3A1-EB00EAF9A97E}.Release|Any CPU.Build.0 = Release|Any CPU
	EndGlobalSection
	GlobalSection(SolutionProperties) = preSolution
		HideSolutionNode = FALSE
	EndGlobalSection
EndGlobal
