
Microsoft Visual Studio Solution File, Format Version 12.00
# Visual Studio 14
VisualStudioVersion = 14.0.25123.0
MinimumVisualStudioVersion = 10.0.40219.1
Project("{FAE04EC0-301F-11D3-BF4B-00C04F79EFBC}") = "01-NumbersFrom1ToN", "01-NumbersFrom1ToN\01-NumbersFrom1ToN.csproj", "{A01B4A76-57E3-4C1D-9C54-96184A5E2471}"
EndProject
Project("{FAE04EC0-301F-11D3-BF4B-00C04F79EFBC}") = "02-NotDivisibleNumbers", "02-NotDivisibleNumbers\02-NotDivisibleNumbers.csproj", "{9EFA929C-054F-4255-9D7A-0571161719A7}"
EndProject
Project("{FAE04EC0-301F-11D3-BF4B-00C04F79EFBC}") = "03-MMSAOfNNumbers", "03-MMSAOfNNumbers\03-MMSAOfNNumbers.csproj", "{7480CA0A-0569-4213-A2E4-7EB60DFC8A2D}"
EndProject
Project("{FAE04EC0-301F-11D3-BF4B-00C04F79EFBC}") = "04-PrintADeck", "04-PrintADeck\04-PrintADeck.csproj", "{F33FC89F-202E-4C6C-ACB7-736EECC87991}"
EndProject
Project("{FAE04EC0-301F-11D3-BF4B-00C04F79EFBC}") = "05-Calculate", "05-Calculate\05-Calculate.csproj", "{A36184C7-5D37-4765-8D93-56891163DF74}"
EndProject
Project("{FAE04EC0-301F-11D3-BF4B-00C04F79EFBC}") = "06-CalculateAgain", "05-CalculateAgain\06-CalculateAgain.csproj", "{48EAE81C-A938-4F3B-A9FA-BF9429651AB7}"
EndProject
Project("{FAE04EC0-301F-11D3-BF4B-00C04F79EFBC}") = "07-Calculate3", "07-Calculate3\07-Calculate3.csproj", "{13643369-024E-4574-8B25-9BF308214FD8}"
EndProject
Project("{FAE04EC0-301F-11D3-BF4B-00C04F79EFBC}") = "08-CatalanNumbers", "08-CatalanNumbers\08-CatalanNumbers.csproj", "{438F3DBC-65B2-4D74-AF6F-5ACB597BA74E}"
EndProject
Project("{FAE04EC0-301F-11D3-BF4B-00C04F79EFBC}") = "09-MatrixOfNumbers", "09-MatrixOfNumbers\09-MatrixOfNumbers.csproj", "{54D27EAE-0358-4E14-9165-FADE1EC9ED97}"
EndProject
Project("{FAE04EC0-301F-11D3-BF4B-00C04F79EFBC}") = "10-OddAndEvenProduct", "10-OddAndEvenProduct\10-OddAndEvenProduct.csproj", "{093F602F-5BD9-4724-9469-F03378DDD97A}"
EndProject
Project("{FAE04EC0-301F-11D3-BF4B-00C04F79EFBC}") = "11-BinaryToDecimal", "11-BinaryToDecimal\11-BinaryToDecimal.csproj", "{EA512D85-4B45-43B7-8B85-7A0BCF36D049}"
EndProject
Project("{FAE04EC0-301F-11D3-BF4B-00C04F79EFBC}") = "12-DecimalToBinary", "12-DecimalToBinary\12-DecimalToBinary.csproj", "{E4A1353A-7F1A-4315-A8C5-7DF32FCD385A}"
EndProject
Project("{FAE04EC0-301F-11D3-BF4B-00C04F79EFBC}") = "13-DecimalToHex", "13-DecimalToHex\13-DecimalToHex.csproj", "{3AA08C8A-7582-43EC-A276-D5D3E2A39263}"
EndProject
Project("{FAE04EC0-301F-11D3-BF4B-00C04F79EFBC}") = "14-HexToDecimal", "14-HexToDecimal\14-HexToDecimal.csproj", "{AD2B5733-D85A-44CE-AD25-CF2EE18382CC}"
EndProject
Project("{FAE04EC0-301F-11D3-BF4B-00C04F79EFBC}") = "15-GCD", "15-GCD\15-GCD.csproj", "{5858E05C-6734-4EEC-8A39-8798552A2146}"
EndProject
Project("{FAE04EC0-301F-11D3-BF4B-00C04F79EFBC}") = "16-Trailing0InNFactorial", "16-Trailing0InNFactorial\16-Trailing0InNFactorial.csproj", "{E49AA765-BC45-49BE-94E5-C852B422F5AD}"
EndProject
Project("{FAE04EC0-301F-11D3-BF4B-00C04F79EFBC}") = "17-SpiralMatrix", "17-SpiralMatrix\17-SpiralMatrix.csproj", "{5583C0AB-8E14-429A-A503-7512A9CAD2CE}"
EndProject
Global
	GlobalSection(SolutionConfigurationPlatforms) = preSolution
		Debug|Any CPU = Debug|Any CPU
		Release|Any CPU = Release|Any CPU
	EndGlobalSection
	GlobalSection(ProjectConfigurationPlatforms) = postSolution
		{A01B4A76-57E3-4C1D-9C54-96184A5E2471}.Debug|Any CPU.ActiveCfg = Debug|Any CPU
		{A01B4A76-57E3-4C1D-9C54-96184A5E2471}.Debug|Any CPU.Build.0 = Debug|Any CPU
		{A01B4A76-57E3-4C1D-9C54-96184A5E2471}.Release|Any CPU.ActiveCfg = Release|Any CPU
		{A01B4A76-57E3-4C1D-9C54-96184A5E2471}.Release|Any CPU.Build.0 = Release|Any CPU
		{9EFA929C-054F-4255-9D7A-0571161719A7}.Debug|Any CPU.ActiveCfg = Debug|Any CPU
		{9EFA929C-054F-4255-9D7A-0571161719A7}.Debug|Any CPU.Build.0 = Debug|Any CPU
		{9EFA929C-054F-4255-9D7A-0571161719A7}.Release|Any CPU.ActiveCfg = Release|Any CPU
		{9EFA929C-054F-4255-9D7A-0571161719A7}.Release|Any CPU.Build.0 = Release|Any CPU
		{7480CA0A-0569-4213-A2E4-7EB60DFC8A2D}.Debug|Any CPU.ActiveCfg = Debug|Any CPU
		{7480CA0A-0569-4213-A2E4-7EB60DFC8A2D}.Debug|Any CPU.Build.0 = Debug|Any CPU
		{7480CA0A-0569-4213-A2E4-7EB60DFC8A2D}.Release|Any CPU.ActiveCfg = Release|Any CPU
		{7480CA0A-0569-4213-A2E4-7EB60DFC8A2D}.Release|Any CPU.Build.0 = Release|Any CPU
		{F33FC89F-202E-4C6C-ACB7-736EECC87991}.Debug|Any CPU.ActiveCfg = Debug|Any CPU
		{F33FC89F-202E-4C6C-ACB7-736EECC87991}.Debug|Any CPU.Build.0 = Debug|Any CPU
		{F33FC89F-202E-4C6C-ACB7-736EECC87991}.Release|Any CPU.ActiveCfg = Release|Any CPU
		{F33FC89F-202E-4C6C-ACB7-736EECC87991}.Release|Any CPU.Build.0 = Release|Any CPU
		{A36184C7-5D37-4765-8D93-56891163DF74}.Debug|Any CPU.ActiveCfg = Debug|Any CPU
		{A36184C7-5D37-4765-8D93-56891163DF74}.Debug|Any CPU.Build.0 = Debug|Any CPU
		{A36184C7-5D37-4765-8D93-56891163DF74}.Release|Any CPU.ActiveCfg = Release|Any CPU
		{A36184C7-5D37-4765-8D93-56891163DF74}.Release|Any CPU.Build.0 = Release|Any CPU
		{48EAE81C-A938-4F3B-A9FA-BF9429651AB7}.Debug|Any CPU.ActiveCfg = Debug|Any CPU
		{48EAE81C-A938-4F3B-A9FA-BF9429651AB7}.Debug|Any CPU.Build.0 = Debug|Any CPU
		{48EAE81C-A938-4F3B-A9FA-BF9429651AB7}.Release|Any CPU.ActiveCfg = Release|Any CPU
		{48EAE81C-A938-4F3B-A9FA-BF9429651AB7}.Release|Any CPU.Build.0 = Release|Any CPU
		{13643369-024E-4574-8B25-9BF308214FD8}.Debug|Any CPU.ActiveCfg = Debug|Any CPU
		{13643369-024E-4574-8B25-9BF308214FD8}.Debug|Any CPU.Build.0 = Debug|Any CPU
		{13643369-024E-4574-8B25-9BF308214FD8}.Release|Any CPU.ActiveCfg = Release|Any CPU
		{13643369-024E-4574-8B25-9BF308214FD8}.Release|Any CPU.Build.0 = Release|Any CPU
		{438F3DBC-65B2-4D74-AF6F-5ACB597BA74E}.Debug|Any CPU.ActiveCfg = Debug|Any CPU
		{438F3DBC-65B2-4D74-AF6F-5ACB597BA74E}.Debug|Any CPU.Build.0 = Debug|Any CPU
		{438F3DBC-65B2-4D74-AF6F-5ACB597BA74E}.Release|Any CPU.ActiveCfg = Release|Any CPU
		{438F3DBC-65B2-4D74-AF6F-5ACB597BA74E}.Release|Any CPU.Build.0 = Release|Any CPU
		{54D27EAE-0358-4E14-9165-FADE1EC9ED97}.Debug|Any CPU.ActiveCfg = Debug|Any CPU
		{54D27EAE-0358-4E14-9165-FADE1EC9ED97}.Debug|Any CPU.Build.0 = Debug|Any CPU
		{54D27EAE-0358-4E14-9165-FADE1EC9ED97}.Release|Any CPU.ActiveCfg = Release|Any CPU
		{54D27EAE-0358-4E14-9165-FADE1EC9ED97}.Release|Any CPU.Build.0 = Release|Any CPU
		{093F602F-5BD9-4724-9469-F03378DDD97A}.Debug|Any CPU.ActiveCfg = Debug|Any CPU
		{093F602F-5BD9-4724-9469-F03378DDD97A}.Debug|Any CPU.Build.0 = Debug|Any CPU
		{093F602F-5BD9-4724-9469-F03378DDD97A}.Release|Any CPU.ActiveCfg = Release|Any CPU
		{093F602F-5BD9-4724-9469-F03378DDD97A}.Release|Any CPU.Build.0 = Release|Any CPU
		{EA512D85-4B45-43B7-8B85-7A0BCF36D049}.Debug|Any CPU.ActiveCfg = Debug|Any CPU
		{EA512D85-4B45-43B7-8B85-7A0BCF36D049}.Debug|Any CPU.Build.0 = Debug|Any CPU
		{EA512D85-4B45-43B7-8B85-7A0BCF36D049}.Release|Any CPU.ActiveCfg = Release|Any CPU
		{EA512D85-4B45-43B7-8B85-7A0BCF36D049}.Release|Any CPU.Build.0 = Release|Any CPU
		{E4A1353A-7F1A-4315-A8C5-7DF32FCD385A}.Debug|Any CPU.ActiveCfg = Debug|Any CPU
		{E4A1353A-7F1A-4315-A8C5-7DF32FCD385A}.Debug|Any CPU.Build.0 = Debug|Any CPU
		{E4A1353A-7F1A-4315-A8C5-7DF32FCD385A}.Release|Any CPU.ActiveCfg = Release|Any CPU
		{E4A1353A-7F1A-4315-A8C5-7DF32FCD385A}.Release|Any CPU.Build.0 = Release|Any CPU
		{3AA08C8A-7582-43EC-A276-D5D3E2A39263}.Debug|Any CPU.ActiveCfg = Debug|Any CPU
		{3AA08C8A-7582-43EC-A276-D5D3E2A39263}.Debug|Any CPU.Build.0 = Debug|Any CPU
		{3AA08C8A-7582-43EC-A276-D5D3E2A39263}.Release|Any CPU.ActiveCfg = Release|Any CPU
		{3AA08C8A-7582-43EC-A276-D5D3E2A39263}.Release|Any CPU.Build.0 = Release|Any CPU
		{AD2B5733-D85A-44CE-AD25-CF2EE18382CC}.Debug|Any CPU.ActiveCfg = Debug|Any CPU
		{AD2B5733-D85A-44CE-AD25-CF2EE18382CC}.Debug|Any CPU.Build.0 = Debug|Any CPU
		{AD2B5733-D85A-44CE-AD25-CF2EE18382CC}.Release|Any CPU.ActiveCfg = Release|Any CPU
		{AD2B5733-D85A-44CE-AD25-CF2EE18382CC}.Release|Any CPU.Build.0 = Release|Any CPU
		{5858E05C-6734-4EEC-8A39-8798552A2146}.Debug|Any CPU.ActiveCfg = Debug|Any CPU
		{5858E05C-6734-4EEC-8A39-8798552A2146}.Debug|Any CPU.Build.0 = Debug|Any CPU
		{5858E05C-6734-4EEC-8A39-8798552A2146}.Release|Any CPU.ActiveCfg = Release|Any CPU
		{5858E05C-6734-4EEC-8A39-8798552A2146}.Release|Any CPU.Build.0 = Release|Any CPU
		{E49AA765-BC45-49BE-94E5-C852B422F5AD}.Debug|Any CPU.ActiveCfg = Debug|Any CPU
		{E49AA765-BC45-49BE-94E5-C852B422F5AD}.Debug|Any CPU.Build.0 = Debug|Any CPU
		{E49AA765-BC45-49BE-94E5-C852B422F5AD}.Release|Any CPU.ActiveCfg = Release|Any CPU
		{E49AA765-BC45-49BE-94E5-C852B422F5AD}.Release|Any CPU.Build.0 = Release|Any CPU
		{5583C0AB-8E14-429A-A503-7512A9CAD2CE}.Debug|Any CPU.ActiveCfg = Debug|Any CPU
		{5583C0AB-8E14-429A-A503-7512A9CAD2CE}.Debug|Any CPU.Build.0 = Debug|Any CPU
		{5583C0AB-8E14-429A-A503-7512A9CAD2CE}.Release|Any CPU.ActiveCfg = Release|Any CPU
		{5583C0AB-8E14-429A-A503-7512A9CAD2CE}.Release|Any CPU.Build.0 = Release|Any CPU
	EndGlobalSection
	GlobalSection(SolutionProperties) = preSolution
		HideSolutionNode = FALSE
	EndGlobalSection
EndGlobal
