
Microsoft Visual Studio Solution File, Format Version 12.00
# Visual Studio 14
VisualStudioVersion = 14.0.25420.1
MinimumVisualStudioVersion = 10.0.40219.1
Project("{FAE04EC0-301F-11D3-BF4B-00C04F79EFBC}") = "Bunny", "Bunny\Bunny.csproj", "{F34BA168-7387-4339-9176-77715247FF2A}"
EndProject
Project("{FAE04EC0-301F-11D3-BF4B-00C04F79EFBC}") = "Events", "Events\Events.csproj", "{1B0474D9-B56B-4AEE-B2BB-B9FD956B85F1}"
EndProject
Project("{2150E333-8FDC-42A3-9474-1A3956D46DE8}") = "Solution Items", "Solution Items", "{676A4A9F-4A36-425C-BEEA-0073202CD975}"
	ProjectSection(SolutionItems) = preProject
		Code\code.js = Code\code.js
	EndProjectSection
EndProject
Global
	GlobalSection(SolutionConfigurationPlatforms) = preSolution
		Debug|Any CPU = Debug|Any CPU
		Release|Any CPU = Release|Any CPU
	EndGlobalSection
	GlobalSection(ProjectConfigurationPlatforms) = postSolution
		{F34BA168-7387-4339-9176-77715247FF2A}.Debug|Any CPU.ActiveCfg = Debug|Any CPU
		{F34BA168-7387-4339-9176-77715247FF2A}.Debug|Any CPU.Build.0 = Debug|Any CPU
		{F34BA168-7387-4339-9176-77715247FF2A}.Release|Any CPU.ActiveCfg = Release|Any CPU
		{F34BA168-7387-4339-9176-77715247FF2A}.Release|Any CPU.Build.0 = Release|Any CPU
		{1B0474D9-B56B-4AEE-B2BB-B9FD956B85F1}.Debug|Any CPU.ActiveCfg = Debug|Any CPU
		{1B0474D9-B56B-4AEE-B2BB-B9FD956B85F1}.Debug|Any CPU.Build.0 = Debug|Any CPU
		{1B0474D9-B56B-4AEE-B2BB-B9FD956B85F1}.Release|Any CPU.ActiveCfg = Release|Any CPU
		{1B0474D9-B56B-4AEE-B2BB-B9FD956B85F1}.Release|Any CPU.Build.0 = Release|Any CPU
	EndGlobalSection
	GlobalSection(SolutionProperties) = preSolution
		HideSolutionNode = FALSE
	EndGlobalSection
EndGlobal
