
Microsoft Visual Studio Solution File, Format Version 12.00
# Visual Studio 14
VisualStudioVersion = 14.0.24720.0
MinimumVisualStudioVersion = 10.0.40219.1
Project("{FAE04EC0-301F-11D3-BF4B-00C04F79EFBC}") = "01-SumOfThreeNumbers", "01-SumOfThreeNumbers\01-SumOfThreeNumbers.csproj", "{EB879917-6D44-49BC-9212-CC8DD944E3E6}"
EndProject
Project("{FAE04EC0-301F-11D3-BF4B-00C04F79EFBC}") = "02-CompanyInfo", "02-CompanyInfo\02-CompanyInfo.csproj", "{8DB09F47-BF75-4B80-816C-CF2A05033D2B}"
EndProject
Project("{FAE04EC0-301F-11D3-BF4B-00C04F79EFBC}") = "03-Circle", "03-Circle\03-Circle.csproj", "{0E595504-C37B-408A-A75A-A7F9F90E47D9}"
EndProject
Project("{FAE04EC0-301F-11D3-BF4B-00C04F79EFBC}") = "04-FormattingNumbers", "04-FormattingNumbers\04-FormattingNumbers.csproj", "{785435B0-BCF9-4512-8D3E-1E453E20651D}"
EndProject
Project("{FAE04EC0-301F-11D3-BF4B-00C04F79EFBC}") = "05-NumberComparer", "05-NumberComparer\05-NumberComparer.csproj", "{7F5FC33B-3096-49DA-9674-E895473D54B8}"
EndProject
Project("{FAE04EC0-301F-11D3-BF4B-00C04F79EFBC}") = "06-QuadraticEquation", "06-QuadraticEquation\06-QuadraticEquation.csproj", "{142992F5-C3AA-449F-9102-8E1B7E151ABF}"
EndProject
Project("{FAE04EC0-301F-11D3-BF4B-00C04F79EFBC}") = "07-SumOf5Numbers", "07-SumOf5Numbers\07-SumOf5Numbers.csproj", "{2333331A-49C9-4F72-BF8C-6D42304D8FEC}"
EndProject
Project("{FAE04EC0-301F-11D3-BF4B-00C04F79EFBC}") = "08-NumbersFrom1ToN", "08-NumbersFrom1ToN\08-NumbersFrom1ToN.csproj", "{C2D8162E-5ED2-462F-95CB-55B897A6E018}"
EndProject
Project("{FAE04EC0-301F-11D3-BF4B-00C04F79EFBC}") = "09-SumOfNNumbers", "09-SumOfNNumbers\09-SumOfNNumbers.csproj", "{B531708E-F3B6-48C8-BBE7-662E05DAC725}"
EndProject
Global
	GlobalSection(SolutionConfigurationPlatforms) = preSolution
		Debug|Any CPU = Debug|Any CPU
		Debug|ARM = Debug|ARM
		Debug|x64 = Debug|x64
		Debug|x86 = Debug|x86
		Release|Any CPU = Release|Any CPU
		Release|ARM = Release|ARM
		Release|x64 = Release|x64
		Release|x86 = Release|x86
	EndGlobalSection
	GlobalSection(ProjectConfigurationPlatforms) = postSolution
		{EB879917-6D44-49BC-9212-CC8DD944E3E6}.Debug|Any CPU.ActiveCfg = Debug|Any CPU
		{EB879917-6D44-49BC-9212-CC8DD944E3E6}.Debug|Any CPU.Build.0 = Debug|Any CPU
		{EB879917-6D44-49BC-9212-CC8DD944E3E6}.Debug|ARM.ActiveCfg = Debug|Any CPU
		{EB879917-6D44-49BC-9212-CC8DD944E3E6}.Debug|ARM.Build.0 = Debug|Any CPU
		{EB879917-6D44-49BC-9212-CC8DD944E3E6}.Debug|x64.ActiveCfg = Debug|Any CPU
		{EB879917-6D44-49BC-9212-CC8DD944E3E6}.Debug|x64.Build.0 = Debug|Any CPU
		{EB879917-6D44-49BC-9212-CC8DD944E3E6}.Debug|x86.ActiveCfg = Debug|Any CPU
		{EB879917-6D44-49BC-9212-CC8DD944E3E6}.Debug|x86.Build.0 = Debug|Any CPU
		{EB879917-6D44-49BC-9212-CC8DD944E3E6}.Release|Any CPU.ActiveCfg = Release|Any CPU
		{EB879917-6D44-49BC-9212-CC8DD944E3E6}.Release|Any CPU.Build.0 = Release|Any CPU
		{EB879917-6D44-49BC-9212-CC8DD944E3E6}.Release|ARM.ActiveCfg = Release|Any CPU
		{EB879917-6D44-49BC-9212-CC8DD944E3E6}.Release|ARM.Build.0 = Release|Any CPU
		{EB879917-6D44-49BC-9212-CC8DD944E3E6}.Release|x64.ActiveCfg = Release|Any CPU
		{EB879917-6D44-49BC-9212-CC8DD944E3E6}.Release|x64.Build.0 = Release|Any CPU
		{EB879917-6D44-49BC-9212-CC8DD944E3E6}.Release|x86.ActiveCfg = Release|Any CPU
		{EB879917-6D44-49BC-9212-CC8DD944E3E6}.Release|x86.Build.0 = Release|Any CPU
		{8DB09F47-BF75-4B80-816C-CF2A05033D2B}.Debug|Any CPU.ActiveCfg = Debug|Any CPU
		{8DB09F47-BF75-4B80-816C-CF2A05033D2B}.Debug|Any CPU.Build.0 = Debug|Any CPU
		{8DB09F47-BF75-4B80-816C-CF2A05033D2B}.Debug|ARM.ActiveCfg = Debug|Any CPU
		{8DB09F47-BF75-4B80-816C-CF2A05033D2B}.Debug|ARM.Build.0 = Debug|Any CPU
		{8DB09F47-BF75-4B80-816C-CF2A05033D2B}.Debug|x64.ActiveCfg = Debug|Any CPU
		{8DB09F47-BF75-4B80-816C-CF2A05033D2B}.Debug|x64.Build.0 = Debug|Any CPU
		{8DB09F47-BF75-4B80-816C-CF2A05033D2B}.Debug|x86.ActiveCfg = Debug|Any CPU
		{8DB09F47-BF75-4B80-816C-CF2A05033D2B}.Debug|x86.Build.0 = Debug|Any CPU
		{8DB09F47-BF75-4B80-816C-CF2A05033D2B}.Release|Any CPU.ActiveCfg = Release|Any CPU
		{8DB09F47-BF75-4B80-816C-CF2A05033D2B}.Release|Any CPU.Build.0 = Release|Any CPU
		{8DB09F47-BF75-4B80-816C-CF2A05033D2B}.Release|ARM.ActiveCfg = Release|Any CPU
		{8DB09F47-BF75-4B80-816C-CF2A05033D2B}.Release|ARM.Build.0 = Release|Any CPU
		{8DB09F47-BF75-4B80-816C-CF2A05033D2B}.Release|x64.ActiveCfg = Release|Any CPU
		{8DB09F47-BF75-4B80-816C-CF2A05033D2B}.Release|x64.Build.0 = Release|Any CPU
		{8DB09F47-BF75-4B80-816C-CF2A05033D2B}.Release|x86.ActiveCfg = Release|Any CPU
		{8DB09F47-BF75-4B80-816C-CF2A05033D2B}.Release|x86.Build.0 = Release|Any CPU
		{0E595504-C37B-408A-A75A-A7F9F90E47D9}.Debug|Any CPU.ActiveCfg = Debug|Any CPU
		{0E595504-C37B-408A-A75A-A7F9F90E47D9}.Debug|Any CPU.Build.0 = Debug|Any CPU
		{0E595504-C37B-408A-A75A-A7F9F90E47D9}.Debug|ARM.ActiveCfg = Debug|Any CPU
		{0E595504-C37B-408A-A75A-A7F9F90E47D9}.Debug|ARM.Build.0 = Debug|Any CPU
		{0E595504-C37B-408A-A75A-A7F9F90E47D9}.Debug|x64.ActiveCfg = Debug|Any CPU
		{0E595504-C37B-408A-A75A-A7F9F90E47D9}.Debug|x64.Build.0 = Debug|Any CPU
		{0E595504-C37B-408A-A75A-A7F9F90E47D9}.Debug|x86.ActiveCfg = Debug|Any CPU
		{0E595504-C37B-408A-A75A-A7F9F90E47D9}.Debug|x86.Build.0 = Debug|Any CPU
		{0E595504-C37B-408A-A75A-A7F9F90E47D9}.Release|Any CPU.ActiveCfg = Release|Any CPU
		{0E595504-C37B-408A-A75A-A7F9F90E47D9}.Release|Any CPU.Build.0 = Release|Any CPU
		{0E595504-C37B-408A-A75A-A7F9F90E47D9}.Release|ARM.ActiveCfg = Release|Any CPU
		{0E595504-C37B-408A-A75A-A7F9F90E47D9}.Release|ARM.Build.0 = Release|Any CPU
		{0E595504-C37B-408A-A75A-A7F9F90E47D9}.Release|x64.ActiveCfg = Release|Any CPU
		{0E595504-C37B-408A-A75A-A7F9F90E47D9}.Release|x64.Build.0 = Release|Any CPU
		{0E595504-C37B-408A-A75A-A7F9F90E47D9}.Release|x86.ActiveCfg = Release|Any CPU
		{0E595504-C37B-408A-A75A-A7F9F90E47D9}.Release|x86.Build.0 = Release|Any CPU
		{785435B0-BCF9-4512-8D3E-1E453E20651D}.Debug|Any CPU.ActiveCfg = Debug|Any CPU
		{785435B0-BCF9-4512-8D3E-1E453E20651D}.Debug|Any CPU.Build.0 = Debug|Any CPU
		{785435B0-BCF9-4512-8D3E-1E453E20651D}.Debug|ARM.ActiveCfg = Debug|Any CPU
		{785435B0-BCF9-4512-8D3E-1E453E20651D}.Debug|ARM.Build.0 = Debug|Any CPU
		{785435B0-BCF9-4512-8D3E-1E453E20651D}.Debug|x64.ActiveCfg = Debug|Any CPU
		{785435B0-BCF9-4512-8D3E-1E453E20651D}.Debug|x64.Build.0 = Debug|Any CPU
		{785435B0-BCF9-4512-8D3E-1E453E20651D}.Debug|x86.ActiveCfg = Debug|Any CPU
		{785435B0-BCF9-4512-8D3E-1E453E20651D}.Debug|x86.Build.0 = Debug|Any CPU
		{785435B0-BCF9-4512-8D3E-1E453E20651D}.Release|Any CPU.ActiveCfg = Release|Any CPU
		{785435B0-BCF9-4512-8D3E-1E453E20651D}.Release|Any CPU.Build.0 = Release|Any CPU
		{785435B0-BCF9-4512-8D3E-1E453E20651D}.Release|ARM.ActiveCfg = Release|Any CPU
		{785435B0-BCF9-4512-8D3E-1E453E20651D}.Release|ARM.Build.0 = Release|Any CPU
		{785435B0-BCF9-4512-8D3E-1E453E20651D}.Release|x64.ActiveCfg = Release|Any CPU
		{785435B0-BCF9-4512-8D3E-1E453E20651D}.Release|x64.Build.0 = Release|Any CPU
		{785435B0-BCF9-4512-8D3E-1E453E20651D}.Release|x86.ActiveCfg = Release|Any CPU
		{785435B0-BCF9-4512-8D3E-1E453E20651D}.Release|x86.Build.0 = Release|Any CPU
		{7F5FC33B-3096-49DA-9674-E895473D54B8}.Debug|Any CPU.ActiveCfg = Debug|Any CPU
		{7F5FC33B-3096-49DA-9674-E895473D54B8}.Debug|Any CPU.Build.0 = Debug|Any CPU
		{7F5FC33B-3096-49DA-9674-E895473D54B8}.Debug|ARM.ActiveCfg = Debug|Any CPU
		{7F5FC33B-3096-49DA-9674-E895473D54B8}.Debug|ARM.Build.0 = Debug|Any CPU
		{7F5FC33B-3096-49DA-9674-E895473D54B8}.Debug|x64.ActiveCfg = Debug|Any CPU
		{7F5FC33B-3096-49DA-9674-E895473D54B8}.Debug|x64.Build.0 = Debug|Any CPU
		{7F5FC33B-3096-49DA-9674-E895473D54B8}.Debug|x86.ActiveCfg = Debug|Any CPU
		{7F5FC33B-3096-49DA-9674-E895473D54B8}.Debug|x86.Build.0 = Debug|Any CPU
		{7F5FC33B-3096-49DA-9674-E895473D54B8}.Release|Any CPU.ActiveCfg = Release|Any CPU
		{7F5FC33B-3096-49DA-9674-E895473D54B8}.Release|Any CPU.Build.0 = Release|Any CPU
		{7F5FC33B-3096-49DA-9674-E895473D54B8}.Release|ARM.ActiveCfg = Release|Any CPU
		{7F5FC33B-3096-49DA-9674-E895473D54B8}.Release|ARM.Build.0 = Release|Any CPU
		{7F5FC33B-3096-49DA-9674-E895473D54B8}.Release|x64.ActiveCfg = Release|Any CPU
		{7F5FC33B-3096-49DA-9674-E895473D54B8}.Release|x64.Build.0 = Release|Any CPU
		{7F5FC33B-3096-49DA-9674-E895473D54B8}.Release|x86.ActiveCfg = Release|Any CPU
		{7F5FC33B-3096-49DA-9674-E895473D54B8}.Release|x86.Build.0 = Release|Any CPU
		{142992F5-C3AA-449F-9102-8E1B7E151ABF}.Debug|Any CPU.ActiveCfg = Debug|Any CPU
		{142992F5-C3AA-449F-9102-8E1B7E151ABF}.Debug|Any CPU.Build.0 = Debug|Any CPU
		{142992F5-C3AA-449F-9102-8E1B7E151ABF}.Debug|ARM.ActiveCfg = Debug|Any CPU
		{142992F5-C3AA-449F-9102-8E1B7E151ABF}.Debug|ARM.Build.0 = Debug|Any CPU
		{142992F5-C3AA-449F-9102-8E1B7E151ABF}.Debug|x64.ActiveCfg = Debug|Any CPU
		{142992F5-C3AA-449F-9102-8E1B7E151ABF}.Debug|x64.Build.0 = Debug|Any CPU
		{142992F5-C3AA-449F-9102-8E1B7E151ABF}.Debug|x86.ActiveCfg = Debug|Any CPU
		{142992F5-C3AA-449F-9102-8E1B7E151ABF}.Debug|x86.Build.0 = Debug|Any CPU
		{142992F5-C3AA-449F-9102-8E1B7E151ABF}.Release|Any CPU.ActiveCfg = Release|Any CPU
		{142992F5-C3AA-449F-9102-8E1B7E151ABF}.Release|Any CPU.Build.0 = Release|Any CPU
		{142992F5-C3AA-449F-9102-8E1B7E151ABF}.Release|ARM.ActiveCfg = Release|Any CPU
		{142992F5-C3AA-449F-9102-8E1B7E151ABF}.Release|ARM.Build.0 = Release|Any CPU
		{142992F5-C3AA-449F-9102-8E1B7E151ABF}.Release|x64.ActiveCfg = Release|Any CPU
		{142992F5-C3AA-449F-9102-8E1B7E151ABF}.Release|x64.Build.0 = Release|Any CPU
		{142992F5-C3AA-449F-9102-8E1B7E151ABF}.Release|x86.ActiveCfg = Release|Any CPU
		{142992F5-C3AA-449F-9102-8E1B7E151ABF}.Release|x86.Build.0 = Release|Any CPU
		{2333331A-49C9-4F72-BF8C-6D42304D8FEC}.Debug|Any CPU.ActiveCfg = Debug|Any CPU
		{2333331A-49C9-4F72-BF8C-6D42304D8FEC}.Debug|Any CPU.Build.0 = Debug|Any CPU
		{2333331A-49C9-4F72-BF8C-6D42304D8FEC}.Debug|ARM.ActiveCfg = Debug|Any CPU
		{2333331A-49C9-4F72-BF8C-6D42304D8FEC}.Debug|ARM.Build.0 = Debug|Any CPU
		{2333331A-49C9-4F72-BF8C-6D42304D8FEC}.Debug|x64.ActiveCfg = Debug|Any CPU
		{2333331A-49C9-4F72-BF8C-6D42304D8FEC}.Debug|x64.Build.0 = Debug|Any CPU
		{2333331A-49C9-4F72-BF8C-6D42304D8FEC}.Debug|x86.ActiveCfg = Debug|Any CPU
		{2333331A-49C9-4F72-BF8C-6D42304D8FEC}.Debug|x86.Build.0 = Debug|Any CPU
		{2333331A-49C9-4F72-BF8C-6D42304D8FEC}.Release|Any CPU.ActiveCfg = Release|Any CPU
		{2333331A-49C9-4F72-BF8C-6D42304D8FEC}.Release|Any CPU.Build.0 = Release|Any CPU
		{2333331A-49C9-4F72-BF8C-6D42304D8FEC}.Release|ARM.ActiveCfg = Release|Any CPU
		{2333331A-49C9-4F72-BF8C-6D42304D8FEC}.Release|ARM.Build.0 = Release|Any CPU
		{2333331A-49C9-4F72-BF8C-6D42304D8FEC}.Release|x64.ActiveCfg = Release|Any CPU
		{2333331A-49C9-4F72-BF8C-6D42304D8FEC}.Release|x64.Build.0 = Release|Any CPU
		{2333331A-49C9-4F72-BF8C-6D42304D8FEC}.Release|x86.ActiveCfg = Release|Any CPU
		{2333331A-49C9-4F72-BF8C-6D42304D8FEC}.Release|x86.Build.0 = Release|Any CPU
		{C2D8162E-5ED2-462F-95CB-55B897A6E018}.Debug|Any CPU.ActiveCfg = Debug|Any CPU
		{C2D8162E-5ED2-462F-95CB-55B897A6E018}.Debug|Any CPU.Build.0 = Debug|Any CPU
		{C2D8162E-5ED2-462F-95CB-55B897A6E018}.Debug|ARM.ActiveCfg = Debug|Any CPU
		{C2D8162E-5ED2-462F-95CB-55B897A6E018}.Debug|ARM.Build.0 = Debug|Any CPU
		{C2D8162E-5ED2-462F-95CB-55B897A6E018}.Debug|x64.ActiveCfg = Debug|Any CPU
		{C2D8162E-5ED2-462F-95CB-55B897A6E018}.Debug|x64.Build.0 = Debug|Any CPU
		{C2D8162E-5ED2-462F-95CB-55B897A6E018}.Debug|x86.ActiveCfg = Debug|Any CPU
		{C2D8162E-5ED2-462F-95CB-55B897A6E018}.Debug|x86.Build.0 = Debug|Any CPU
		{C2D8162E-5ED2-462F-95CB-55B897A6E018}.Release|Any CPU.ActiveCfg = Release|Any CPU
		{C2D8162E-5ED2-462F-95CB-55B897A6E018}.Release|Any CPU.Build.0 = Release|Any CPU
		{C2D8162E-5ED2-462F-95CB-55B897A6E018}.Release|ARM.ActiveCfg = Release|Any CPU
		{C2D8162E-5ED2-462F-95CB-55B897A6E018}.Release|ARM.Build.0 = Release|Any CPU
		{C2D8162E-5ED2-462F-95CB-55B897A6E018}.Release|x64.ActiveCfg = Release|Any CPU
		{C2D8162E-5ED2-462F-95CB-55B897A6E018}.Release|x64.Build.0 = Release|Any CPU
		{C2D8162E-5ED2-462F-95CB-55B897A6E018}.Release|x86.ActiveCfg = Release|Any CPU
		{C2D8162E-5ED2-462F-95CB-55B897A6E018}.Release|x86.Build.0 = Release|Any CPU
		{B531708E-F3B6-48C8-BBE7-662E05DAC725}.Debug|Any CPU.ActiveCfg = Debug|Any CPU
		{B531708E-F3B6-48C8-BBE7-662E05DAC725}.Debug|Any CPU.Build.0 = Debug|Any CPU
		{B531708E-F3B6-48C8-BBE7-662E05DAC725}.Debug|ARM.ActiveCfg = Debug|Any CPU
		{B531708E-F3B6-48C8-BBE7-662E05DAC725}.Debug|ARM.Build.0 = Debug|Any CPU
		{B531708E-F3B6-48C8-BBE7-662E05DAC725}.Debug|x64.ActiveCfg = Debug|Any CPU
		{B531708E-F3B6-48C8-BBE7-662E05DAC725}.Debug|x64.Build.0 = Debug|Any CPU
		{B531708E-F3B6-48C8-BBE7-662E05DAC725}.Debug|x86.ActiveCfg = Debug|Any CPU
		{B531708E-F3B6-48C8-BBE7-662E05DAC725}.Debug|x86.Build.0 = Debug|Any CPU
		{B531708E-F3B6-48C8-BBE7-662E05DAC725}.Release|Any CPU.ActiveCfg = Release|Any CPU
		{B531708E-F3B6-48C8-BBE7-662E05DAC725}.Release|Any CPU.Build.0 = Release|Any CPU
		{B531708E-F3B6-48C8-BBE7-662E05DAC725}.Release|ARM.ActiveCfg = Release|Any CPU
		{B531708E-F3B6-48C8-BBE7-662E05DAC725}.Release|ARM.Build.0 = Release|Any CPU
		{B531708E-F3B6-48C8-BBE7-662E05DAC725}.Release|x64.ActiveCfg = Release|Any CPU
		{B531708E-F3B6-48C8-BBE7-662E05DAC725}.Release|x64.Build.0 = Release|Any CPU
		{B531708E-F3B6-48C8-BBE7-662E05DAC725}.Release|x86.ActiveCfg = Release|Any CPU
		{B531708E-F3B6-48C8-BBE7-662E05DAC725}.Release|x86.Build.0 = Release|Any CPU
	EndGlobalSection
	GlobalSection(SolutionProperties) = preSolution
		HideSolutionNode = FALSE
	EndGlobalSection
EndGlobal
