
Microsoft Visual Studio Solution File, Format Version 12.00
# Visual Studio 14
VisualStudioVersion = 14.0.25420.1
MinimumVisualStudioVersion = 10.0.40219.1
Project("{FAE04EC0-301F-11D3-BF4B-00C04F79EFBC}") = "01-Random", "01-Random\01-Random.csproj", "{5C0523AF-5DDB-4B0D-A269-9B005FA99EB1}"
EndProject
Project("{FAE04EC0-301F-11D3-BF4B-00C04F79EFBC}") = "02-Escaping", "02-Escaping\02-Escaping.csproj", "{0CA0EE2D-D07A-40E5-AB09-11A436847BD6}"
EndProject
Project("{FAE04EC0-301F-11D3-BF4B-00C04F79EFBC}") = "03-Students", "03-Students\03-Students.csproj", "{AF11D8A6-62BA-4551-9B50-4D01A0CD8623}"
EndProject
Project("{2150E333-8FDC-42A3-9474-1A3956D46DE8}") = "Solution Items", "Solution Items", "{9D68A361-248E-45C4-B108-7E5DAAA38B26}"
	ProjectSection(SolutionItems) = preProject
		WebEssentials2015-Settings.json = WebEssentials2015-Settings.json
	EndProjectSection
EndProject
Project("{FAE04EC0-301F-11D3-BF4B-00C04F79EFBC}") = "04-TicTacToe", "04-TicTacToe\04-TicTacToe.csproj", "{4BD158B9-8427-412D-A8D5-E35242181B57}"
EndProject
Project("{FAE04EC0-301F-11D3-BF4B-00C04F79EFBC}") = "05-Calculator", "05-Calculator\05-Calculator.csproj", "{9F5831FD-D05E-4C4B-9E3C-C521346498B0}"
EndProject
Global
	GlobalSection(SolutionConfigurationPlatforms) = preSolution
		Debug|Any CPU = Debug|Any CPU
		Release|Any CPU = Release|Any CPU
	EndGlobalSection
	GlobalSection(ProjectConfigurationPlatforms) = postSolution
		{5C0523AF-5DDB-4B0D-A269-9B005FA99EB1}.Debug|Any CPU.ActiveCfg = Debug|Any CPU
		{5C0523AF-5DDB-4B0D-A269-9B005FA99EB1}.Debug|Any CPU.Build.0 = Debug|Any CPU
		{5C0523AF-5DDB-4B0D-A269-9B005FA99EB1}.Release|Any CPU.ActiveCfg = Release|Any CPU
		{5C0523AF-5DDB-4B0D-A269-9B005FA99EB1}.Release|Any CPU.Build.0 = Release|Any CPU
		{0CA0EE2D-D07A-40E5-AB09-11A436847BD6}.Debug|Any CPU.ActiveCfg = Debug|Any CPU
		{0CA0EE2D-D07A-40E5-AB09-11A436847BD6}.Debug|Any CPU.Build.0 = Debug|Any CPU
		{0CA0EE2D-D07A-40E5-AB09-11A436847BD6}.Release|Any CPU.ActiveCfg = Release|Any CPU
		{0CA0EE2D-D07A-40E5-AB09-11A436847BD6}.Release|Any CPU.Build.0 = Release|Any CPU
		{AF11D8A6-62BA-4551-9B50-4D01A0CD8623}.Debug|Any CPU.ActiveCfg = Debug|Any CPU
		{AF11D8A6-62BA-4551-9B50-4D01A0CD8623}.Debug|Any CPU.Build.0 = Debug|Any CPU
		{AF11D8A6-62BA-4551-9B50-4D01A0CD8623}.Release|Any CPU.ActiveCfg = Release|Any CPU
		{AF11D8A6-62BA-4551-9B50-4D01A0CD8623}.Release|Any CPU.Build.0 = Release|Any CPU
		{4BD158B9-8427-412D-A8D5-E35242181B57}.Debug|Any CPU.ActiveCfg = Debug|Any CPU
		{4BD158B9-8427-412D-A8D5-E35242181B57}.Debug|Any CPU.Build.0 = Debug|Any CPU
		{4BD158B9-8427-412D-A8D5-E35242181B57}.Release|Any CPU.ActiveCfg = Release|Any CPU
		{4BD158B9-8427-412D-A8D5-E35242181B57}.Release|Any CPU.Build.0 = Release|Any CPU
		{9F5831FD-D05E-4C4B-9E3C-C521346498B0}.Debug|Any CPU.ActiveCfg = Debug|Any CPU
		{9F5831FD-D05E-4C4B-9E3C-C521346498B0}.Debug|Any CPU.Build.0 = Debug|Any CPU
		{9F5831FD-D05E-4C4B-9E3C-C521346498B0}.Release|Any CPU.ActiveCfg = Release|Any CPU
		{9F5831FD-D05E-4C4B-9E3C-C521346498B0}.Release|Any CPU.Build.0 = Release|Any CPU
	EndGlobalSection
	GlobalSection(SolutionProperties) = preSolution
		HideSolutionNode = FALSE
	EndGlobalSection
EndGlobal
