
Microsoft Visual Studio Solution File, Format Version 12.00
# Visual Studio 14
VisualStudioVersion = 14.0.25420.1
MinimumVisualStudioVersion = 10.0.40219.1
Project("{FAE04EC0-301F-11D3-BF4B-00C04F79EFBC}") = "01-BinaryPasswords", "01-BinaryPasswords\01-BinaryPasswords.csproj", "{47A8B8FF-3A01-4296-9E73-49AEF980B0E6}"
EndProject
Project("{FAE04EC0-301F-11D3-BF4B-00C04F79EFBC}") = "05-ZigZagSets", "05-ZigZagSets\05-ZigZagSets.csproj", "{76049031-91A3-4DAB-87C0-A8E108015967}"
EndProject
Global
	GlobalSection(SolutionConfigurationPlatforms) = preSolution
		Debug|Any CPU = Debug|Any CPU
		Release|Any CPU = Release|Any CPU
	EndGlobalSection
	GlobalSection(ProjectConfigurationPlatforms) = postSolution
		{47A8B8FF-3A01-4296-9E73-49AEF980B0E6}.Debug|Any CPU.ActiveCfg = Debug|Any CPU
		{47A8B8FF-3A01-4296-9E73-49AEF980B0E6}.Debug|Any CPU.Build.0 = Debug|Any CPU
		{47A8B8FF-3A01-4296-9E73-49AEF980B0E6}.Release|Any CPU.ActiveCfg = Release|Any CPU
		{47A8B8FF-3A01-4296-9E73-49AEF980B0E6}.Release|Any CPU.Build.0 = Release|Any CPU
		{76049031-91A3-4DAB-87C0-A8E108015967}.Debug|Any CPU.ActiveCfg = Debug|Any CPU
		{76049031-91A3-4DAB-87C0-A8E108015967}.Debug|Any CPU.Build.0 = Debug|Any CPU
		{76049031-91A3-4DAB-87C0-A8E108015967}.Release|Any CPU.ActiveCfg = Release|Any CPU
		{76049031-91A3-4DAB-87C0-A8E108015967}.Release|Any CPU.Build.0 = Release|Any CPU
	EndGlobalSection
	GlobalSection(SolutionProperties) = preSolution
		HideSolutionNode = FALSE
	EndGlobalSection
EndGlobal
